GEM
  remote: https://rubygems.org/
  specs:
    mimemagic (0.4.3)
      nokogiri (~> 1)
      rake
    mini_portile2 (2.8.8)
    nokogiri (1.16.7)
      mini_portile2 (~> 2.8.2)
      racc (~> 1.4)
    racc (1.8.1)
    rake (13.2.1)
    sqlite3 (2.2.0)
      mini_portile2 (~> 2.8.0)
    taglib-ruby (2.0.0)

PLATFORMS
  aarch64-linux
  aarch64-linux-gnu
  aarch64-linux-musl
  arm-linux
  arm-linux-gnu
  arm-linux-musl
  arm64-darwin
  x86-linux
  x86-linux-gnu
  x86-linux-musl
  x86_64-darwin
  x86_64-linux
  x86_64-linux-gnu
  x86_64-linux-musl

DEPENDENCIES
  mimemagic (= 0.4.3)
  sqlite3 (= 2.2.0)
  taglib-ruby (= 2.0.0)

BUNDLED WITH
   2.5.22
